
Microsoft Visual Studio Solution File, Format Version 12.00
# Visual Studio Version 17
VisualStudioVersion = 17.10.35027.167
MinimumVisualStudioVersion = 10.0.40219.1
Project("{FAE04EC0-301F-11D3-BF4B-00C04F79EFBC}") = "A Star Algoritmasi", "ConsoleApp1\A Star Algoritmasi.csproj", "{89A14990-B922-455A-B335-F624520798AD}"
EndProject
Global
	GlobalSection(SolutionConfigurationPlatforms) = preSolution
		Debug|Any CPU = Debug|Any CPU
		Release|Any CPU = Release|Any CPU
	EndGlobalSection
	GlobalSection(ProjectConfigurationPlatforms) = postSolution
		{89A14990-B922-455A-B335-F624520798AD}.Debug|Any CPU.ActiveCfg = Debug|Any CPU
		{89A14990-B922-455A-B335-F624520798AD}.Debug|Any CPU.Build.0 = Debug|Any CPU
		{89A14990-B922-455A-B335-F624520798AD}.Release|Any CPU.ActiveCfg = Release|Any CPU
		{89A14990-B922-455A-B335-F624520798AD}.Release|Any CPU.Build.0 = Release|Any CPU
	EndGlobalSection
	GlobalSection(SolutionProperties) = preSolution
		HideSolutionNode = FALSE
	EndGlobalSection
	GlobalSection(ExtensibilityGlobals) = postSolution
		SolutionGuid = {FEEA6F23-AE0F-41A3-88B3-BDB8CF1EC3F2}
	EndGlobalSection
EndGlobal
